
Microsoft Visual Studio Solution File, Format Version 12.00
# Visual Studio 15
VisualStudioVersion = 15.0.27428.2027
MinimumVisualStudioVersion = 10.0.40219.1
Project("{FAE04EC0-301F-11D3-BF4B-00C04F79EFBC}") = "PrisonerDilema", "PrisonerDilema\PrisonerDilema.csproj", "{28EA504B-F819-43C9-B001-F96B578FBD3F}"
EndProject
Global
	GlobalSection(SolutionConfigurationPlatforms) = preSolution
		Debug|Any CPU = Debug|Any CPU
		Release|Any CPU = Release|Any CPU
	EndGlobalSection
	GlobalSection(ProjectConfigurationPlatforms) = postSolution
		{28EA504B-F819-43C9-B001-F96B578FBD3F}.Debug|Any CPU.ActiveCfg = Debug|Any CPU
		{28EA504B-F819-43C9-B001-F96B578FBD3F}.Debug|Any CPU.Build.0 = Debug|Any CPU
		{28EA504B-F819-43C9-B001-F96B578FBD3F}.Release|Any CPU.ActiveCfg = Release|Any CPU
		{28EA504B-F819-43C9-B001-F96B578FBD3F}.Release|Any CPU.Build.0 = Release|Any CPU
	EndGlobalSection
	GlobalSection(SolutionProperties) = preSolution
		HideSolutionNode = FALSE
	EndGlobalSection
	GlobalSection(ExtensibilityGlobals) = postSolution
		SolutionGuid = {A250397E-2D94-44CA-8BE5-09137D8F5014}
	EndGlobalSection
EndGlobal
